{
    "_meta": {
        "hash": {
            "sha256": "ab9315d1a15b583cb27c59ed7171ed1de515e1011e0d735e71aa8182101e6873"
        },
        "pipfile-spec": 6,
        "requires": {
            "python_version": "3.8"
        },
        "sources": [
            {
                "name": "pypi",
                "url": "https://pypi.org/simple",
                "verify_ssl": true
            }
        ]
    },
    "default": {
        "colorful": {
            "hashes": [
                "sha256:86848ad4e2eda60cd2519d8698945d22f6f6551e23e95f3f14dfbb60997807ea",
                "sha256:8d264b52a39aae4c0ba3e2a46afbaec81b0559a99be0d2cfe2aba4cf94531348"
            ],
            "version": "==0.5.4"
        },
        "cyaron": {
            "hashes": [
                "sha256:2e3b04c84882fe679623d9da81c01ee3abd581a580d9fa3b50eebf7b089111f9"
            ],
            "index": "pypi",
            "version": "==0.4.2"
        }
    },
    "develop": {}
}
